// !$*UTF8*$!
{
	archiveVersion = 1;
	classes = {
	};
	objectVersion = 46;
	objects = {

/* Begin PBXBuildFile section */
		761073231BDDE13C00BEAC96 /* LocationAtShopViewController.m in Sources */ = {isa = PBXBuildFile; fileRef = 761073221BDDE13C00BEAC96 /* LocationAtShopViewController.m */; };
		761073261BDDE1CD00BEAC96 /* LocationAtShopTableViewController.m in Sources */ = {isa = PBXBuildFile; fileRef = 761073251BDDE1CD00BEAC96 /* LocationAtShopTableViewController.m */; };
		7618C8F11BDF6F0D00F826FA /* UnitPickerTextField.m in Sources */ = {isa = PBXBuildFile; fileRef = 7618C8F01BDF6F0D00F826FA /* UnitPickerTextField.m */; };
		761987081BD2281700320CCC /* main.m in Sources */ = {isa = PBXBuildFile; fileRef = 761987071BD2281700320CCC /* main.m */; };
		761987111BD2281700320CCC /* Main.storyboard in Resources */ = {isa = PBXBuildFile; fileRef = 7619870F1BD2281700320CCC /* Main.storyboard */; };
		761987131BD2281800320CCC /* Images.xcassets in Resources */ = {isa = PBXBuildFile; fileRef = 761987121BD2281800320CCC /* Images.xcassets */; };
		761987161BD2281800320CCC /* LaunchScreen.xib in Resources */ = {isa = PBXBuildFile; fileRef = 761987141BD2281800320CCC /* LaunchScreen.xib */; };
		761987221BD2281800320CCC /* Grocery_DudeTests.m in Sources */ = {isa = PBXBuildFile; fileRef = 761987211BD2281800320CCC /* Grocery_DudeTests.m */; };
		7619872D1BD228EC00320CCC /* CoreDataHelper.m in Sources */ = {isa = PBXBuildFile; fileRef = 7619872C1BD228EC00320CCC /* CoreDataHelper.m */; };
		761987321BD2295400320CCC /* Model.xcdatamodeld in Sources */ = {isa = PBXBuildFile; fileRef = 7619872F1BD2295400320CCC /* Model.xcdatamodeld */; };
		7619873B1BD229D900320CCC /* ViewController.m in Sources */ = {isa = PBXBuildFile; fileRef = 7619873A1BD229D900320CCC /* ViewController.m */; };
		7619873E1BD22A0D00320CCC /* AppDelegate.m in Sources */ = {isa = PBXBuildFile; fileRef = 7619873D1BD22A0D00320CCC /* AppDelegate.m */; };
		761987451BD22C0B00320CCC /* Measurement.m in Sources */ = {isa = PBXBuildFile; fileRef = 761987441BD22C0B00320CCC /* Measurement.m */; };
		761987481BD22C3900320CCC /* Amount.m in Sources */ = {isa = PBXBuildFile; fileRef = 761987461BD22C3900320CCC /* Amount.m */; };
		7619874A1BD22C6500320CCC /* Model.xcmappingmodel in Sources */ = {isa = PBXBuildFile; fileRef = 761987491BD22C6500320CCC /* Model.xcmappingmodel */; };
		7619874F1BD2331100320CCC /* MigrationViewController.m in Sources */ = {isa = PBXBuildFile; fileRef = 7619874E1BD2331100320CCC /* MigrationViewController.m */; };
		766477091BD278B4004B9492 /* Model2ToModel4.xcmappingmodel in Sources */ = {isa = PBXBuildFile; fileRef = 766477081BD278B4004B9492 /* Model2ToModel4.xcmappingmodel */; };
		766620641BD4AF34001130C9 /* Item.m in Sources */ = {isa = PBXBuildFile; fileRef = 7666205B1BD4AF34001130C9 /* Item.m */; };
		766620651BD4AF34001130C9 /* Unit.m in Sources */ = {isa = PBXBuildFile; fileRef = 7666205D1BD4AF34001130C9 /* Unit.m */; };
		766620661BD4AF34001130C9 /* LocationAtShop.m in Sources */ = {isa = PBXBuildFile; fileRef = 7666205F1BD4AF34001130C9 /* LocationAtShop.m */; };
		766620671BD4AF34001130C9 /* LocationAtHome.m in Sources */ = {isa = PBXBuildFile; fileRef = 766620611BD4AF34001130C9 /* LocationAtHome.m */; };
		766620681BD4AF34001130C9 /* Location.m in Sources */ = {isa = PBXBuildFile; fileRef = 766620631BD4AF34001130C9 /* Location.m */; };
		7666206A1BD4B1BA001130C9 /* Model5ToModel6.xcmappingmodel in Sources */ = {isa = PBXBuildFile; fileRef = 766620691BD4B1BA001130C9 /* Model5ToModel6.xcmappingmodel */; };
		7666206E1BD4B5E0001130C9 /* CoreDataTableViewController.m in Sources */ = {isa = PBXBuildFile; fileRef = 7666206D1BD4B5E0001130C9 /* CoreDataTableViewController.m */; };
		767BAD991BDC9BD00066354C /* LocationAtHomeTableViewController.m in Sources */ = {isa = PBXBuildFile; fileRef = 767BAD981BDC9BD00066354C /* LocationAtHomeTableViewController.m */; };
		767BAD9C1BDC9D770066354C /* LocationAtHomeViewController.m in Sources */ = {isa = PBXBuildFile; fileRef = 767BAD9B1BDC9D770066354C /* LocationAtHomeViewController.m */; };
		768836191BD759DC00890EBF /* ItemViewController.m in Sources */ = {isa = PBXBuildFile; fileRef = 768836181BD759DC00890EBF /* ItemViewController.m */; };
		76A0180E1BD733C00027D0DC /* ShopTableViewController.m in Sources */ = {isa = PBXBuildFile; fileRef = 76A0180D1BD733C00027D0DC /* ShopTableViewController.m */; };
		76DDF9231BD4CD18004FA34D /* PrepareViewController.m in Sources */ = {isa = PBXBuildFile; fileRef = 76DDF9221BD4CD18004FA34D /* PrepareViewController.m */; };
		76E495061BDE40870039FE0F /* CoreDataPickerTextField.m in Sources */ = {isa = PBXBuildFile; fileRef = 76E495051BDE40870039FE0F /* CoreDataPickerTextField.m */; };
		76F0B9651BD9009200028D7B /* UnitTableViewController.m in Sources */ = {isa = PBXBuildFile; fileRef = 76F0B9641BD9009200028D7B /* UnitTableViewController.m */; };
		76F0B9681BD9074800028D7B /* UnitViewController.m in Sources */ = {isa = PBXBuildFile; fileRef = 76F0B9671BD9074800028D7B /* UnitViewController.m */; };
/* End PBXBuildFile section */

/* Begin PBXContainerItemProxy section */
		7619871C1BD2281800320CCC /* PBXContainerItemProxy */ = {
			isa = PBXContainerItemProxy;
			containerPortal = 761986FA1BD2281700320CCC /* Project object */;
			proxyType = 1;
			remoteGlobalIDString = 761987011BD2281700320CCC;
			remoteInfo = "Grocery Dude";
		};
/* End PBXContainerItemProxy section */

/* Begin PBXFileReference section */
		760D67EF1BD4AD2200686AC7 /* Model 6.xcdatamodel */ = {isa = PBXFileReference; lastKnownFileType = wrapper.xcdatamodel; path = "Model 6.xcdatamodel"; sourceTree = "<group>"; };
		761073211BDDE13C00BEAC96 /* LocationAtShopViewController.h */ = {isa = PBXFileReference; fileEncoding = 4; lastKnownFileType = sourcecode.c.h; path = LocationAtShopViewController.h; sourceTree = "<group>"; };
		761073221BDDE13C00BEAC96 /* LocationAtShopViewController.m */ = {isa = PBXFileReference; fileEncoding = 4; lastKnownFileType = sourcecode.c.objc; path = LocationAtShopViewController.m; sourceTree = "<group>"; };
		761073241BDDE1CD00BEAC96 /* LocationAtShopTableViewController.h */ = {isa = PBXFileReference; fileEncoding = 4; lastKnownFileType = sourcecode.c.h; path = LocationAtShopTableViewController.h; sourceTree = "<group>"; };
		761073251BDDE1CD00BEAC96 /* LocationAtShopTableViewController.m */ = {isa = PBXFileReference; fileEncoding = 4; lastKnownFileType = sourcecode.c.objc; path = LocationAtShopTableViewController.m; sourceTree = "<group>"; };
		7618C8EF1BDF6F0D00F826FA /* UnitPickerTextField.h */ = {isa = PBXFileReference; fileEncoding = 4; lastKnownFileType = sourcecode.c.h; path = UnitPickerTextField.h; sourceTree = "<group>"; };
		7618C8F01BDF6F0D00F826FA /* UnitPickerTextField.m */ = {isa = PBXFileReference; fileEncoding = 4; lastKnownFileType = sourcecode.c.objc; path = UnitPickerTextField.m; sourceTree = "<group>"; };
		761987021BD2281700320CCC /* Grocery Dude.app */ = {isa = PBXFileReference; explicitFileType = wrapper.application; includeInIndex = 0; path = "Grocery Dude.app"; sourceTree = BUILT_PRODUCTS_DIR; };
		761987061BD2281700320CCC /* Info.plist */ = {isa = PBXFileReference; lastKnownFileType = text.plist.xml; path = Info.plist; sourceTree = "<group>"; };
		761987071BD2281700320CCC /* main.m */ = {isa = PBXFileReference; lastKnownFileType = sourcecode.c.objc; path = main.m; sourceTree = "<group>"; };
		761987101BD2281700320CCC /* Base */ = {isa = PBXFileReference; lastKnownFileType = file.storyboard; name = Base; path = Base.lproj/Main.storyboard; sourceTree = "<group>"; };
		761987121BD2281800320CCC /* Images.xcassets */ = {isa = PBXFileReference; lastKnownFileType = folder.assetcatalog; path = Images.xcassets; sourceTree = "<group>"; };
		761987151BD2281800320CCC /* Base */ = {isa = PBXFileReference; lastKnownFileType = file.xib; name = Base; path = Base.lproj/LaunchScreen.xib; sourceTree = "<group>"; };
		7619871B1BD2281800320CCC /* Grocery DudeTests.xctest */ = {isa = PBXFileReference; explicitFileType = wrapper.cfbundle; includeInIndex = 0; path = "Grocery DudeTests.xctest"; sourceTree = BUILT_PRODUCTS_DIR; };
		761987201BD2281800320CCC /* Info.plist */ = {isa = PBXFileReference; lastKnownFileType = text.plist.xml; path = Info.plist; sourceTree = "<group>"; };
		761987211BD2281800320CCC /* Grocery_DudeTests.m */ = {isa = PBXFileReference; lastKnownFileType = sourcecode.c.objc; name = Grocery_DudeTests.m; path = "Grocery DudeTests/Grocery_DudeTests.m"; sourceTree = SOURCE_ROOT; };
		7619872B1BD228E800320CCC /* CoreDataHelper.h */ = {isa = PBXFileReference; lastKnownFileType = sourcecode.c.h; path = CoreDataHelper.h; sourceTree = "<group>"; };
		7619872C1BD228EC00320CCC /* CoreDataHelper.m */ = {isa = PBXFileReference; fileEncoding = 4; lastKnownFileType = sourcecode.c.objc; path = CoreDataHelper.m; sourceTree = "<group>"; };
		761987301BD2295400320CCC /* Model 2.xcdatamodel */ = {isa = PBXFileReference; lastKnownFileType = wrapper.xcdatamodel; path = "Model 2.xcdatamodel"; sourceTree = "<group>"; };
		761987311BD2295400320CCC /* Model.xcdatamodel */ = {isa = PBXFileReference; lastKnownFileType = wrapper.xcdatamodel; path = Model.xcdatamodel; sourceTree = "<group>"; };
		761987391BD229D900320CCC /* ViewController.h */ = {isa = PBXFileReference; fileEncoding = 4; lastKnownFileType = sourcecode.c.h; path = ViewController.h; sourceTree = "<group>"; };
		7619873A1BD229D900320CCC /* ViewController.m */ = {isa = PBXFileReference; fileEncoding = 4; lastKnownFileType = sourcecode.c.objc; path = ViewController.m; sourceTree = "<group>"; };
		7619873C1BD22A0D00320CCC /* AppDelegate.h */ = {isa = PBXFileReference; fileEncoding = 4; lastKnownFileType = sourcecode.c.h; path = AppDelegate.h; sourceTree = "<group>"; };
		7619873D1BD22A0D00320CCC /* AppDelegate.m */ = {isa = PBXFileReference; fileEncoding = 4; lastKnownFileType = sourcecode.c.objc; path = AppDelegate.m; sourceTree = "<group>"; };
		7619873F1BD22B9300320CCC /* Model 3.xcdatamodel */ = {isa = PBXFileReference; lastKnownFileType = wrapper.xcdatamodel; path = "Model 3.xcdatamodel"; sourceTree = "<group>"; };
		761987431BD22C0600320CCC /* Measurement.h */ = {isa = PBXFileReference; lastKnownFileType = sourcecode.c.h; path = Measurement.h; sourceTree = "<group>"; };
		761987441BD22C0B00320CCC /* Measurement.m */ = {isa = PBXFileReference; fileEncoding = 4; lastKnownFileType = sourcecode.c.objc; path = Measurement.m; sourceTree = "<group>"; };
		761987461BD22C3900320CCC /* Amount.m */ = {isa = PBXFileReference; fileEncoding = 4; lastKnownFileType = sourcecode.c.objc; path = Amount.m; sourceTree = "<group>"; };
		761987471BD22C3900320CCC /* Amount.h */ = {isa = PBXFileReference; fileEncoding = 4; lastKnownFileType = sourcecode.c.h; path = Amount.h; sourceTree = "<group>"; };
		761987491BD22C6500320CCC /* Model.xcmappingmodel */ = {isa = PBXFileReference; lastKnownFileType = wrapper.xcmappingmodel; path = Model.xcmappingmodel; sourceTree = "<group>"; };
		7619874D1BD2331100320CCC /* MigrationViewController.h */ = {isa = PBXFileReference; fileEncoding = 4; lastKnownFileType = sourcecode.c.h; path = MigrationViewController.h; sourceTree = "<group>"; };
		7619874E1BD2331100320CCC /* MigrationViewController.m */ = {isa = PBXFileReference; fileEncoding = 4; lastKnownFileType = sourcecode.c.objc; path = MigrationViewController.m; sourceTree = "<group>"; };
		766477081BD278B4004B9492 /* Model2ToModel4.xcmappingmodel */ = {isa = PBXFileReference; lastKnownFileType = wrapper.xcmappingmodel; path = Model2ToModel4.xcmappingmodel; sourceTree = "<group>"; };
		7666205A1BD4AF34001130C9 /* Item.h */ = {isa = PBXFileReference; fileEncoding = 4; lastKnownFileType = sourcecode.c.h; path = Item.h; sourceTree = "<group>"; };
		7666205B1BD4AF34001130C9 /* Item.m */ = {isa = PBXFileReference; fileEncoding = 4; lastKnownFileType = sourcecode.c.objc; path = Item.m; sourceTree = "<group>"; };
		7666205C1BD4AF34001130C9 /* Unit.h */ = {isa = PBXFileReference; fileEncoding = 4; lastKnownFileType = sourcecode.c.h; path = Unit.h; sourceTree = "<group>"; };
		7666205D1BD4AF34001130C9 /* Unit.m */ = {isa = PBXFileReference; fileEncoding = 4; lastKnownFileType = sourcecode.c.objc; path = Unit.m; sourceTree = "<group>"; };
		7666205E1BD4AF34001130C9 /* LocationAtShop.h */ = {isa = PBXFileReference; fileEncoding = 4; lastKnownFileType = sourcecode.c.h; path = LocationAtShop.h; sourceTree = "<group>"; };
		7666205F1BD4AF34001130C9 /* LocationAtShop.m */ = {isa = PBXFileReference; fileEncoding = 4; lastKnownFileType = sourcecode.c.objc; path = LocationAtShop.m; sourceTree = "<group>"; };
		766620601BD4AF34001130C9 /* LocationAtHome.h */ = {isa = PBXFileReference; fileEncoding = 4; lastKnownFileType = sourcecode.c.h; path = LocationAtHome.h; sourceTree = "<group>"; };
		766620611BD4AF34001130C9 /* LocationAtHome.m */ = {isa = PBXFileReference; fileEncoding = 4; lastKnownFileType = sourcecode.c.objc; path = LocationAtHome.m; sourceTree = "<group>"; };
		766620621BD4AF34001130C9 /* Location.h */ = {isa = PBXFileReference; fileEncoding = 4; lastKnownFileType = sourcecode.c.h; path = Location.h; sourceTree = "<group>"; };
		766620631BD4AF34001130C9 /* Location.m */ = {isa = PBXFileReference; fileEncoding = 4; lastKnownFileType = sourcecode.c.objc; path = Location.m; sourceTree = "<group>"; };
		766620691BD4B1BA001130C9 /* Model5ToModel6.xcmappingmodel */ = {isa = PBXFileReference; lastKnownFileType = wrapper.xcmappingmodel; path = Model5ToModel6.xcmappingmodel; sourceTree = "<group>"; };
		7666206C1BD4B5E0001130C9 /* CoreDataTableViewController.h */ = {isa = PBXFileReference; fileEncoding = 4; lastKnownFileType = sourcecode.c.h; path = CoreDataTableViewController.h; sourceTree = "<group>"; };
		7666206D1BD4B5E0001130C9 /* CoreDataTableViewController.m */ = {isa = PBXFileReference; fileEncoding = 4; lastKnownFileType = sourcecode.c.objc; path = CoreDataTableViewController.m; sourceTree = "<group>"; };
		767BAD971BDC9BD00066354C /* LocationAtHomeTableViewController.h */ = {isa = PBXFileReference; fileEncoding = 4; lastKnownFileType = sourcecode.c.h; path = LocationAtHomeTableViewController.h; sourceTree = "<group>"; };
		767BAD981BDC9BD00066354C /* LocationAtHomeTableViewController.m */ = {isa = PBXFileReference; fileEncoding = 4; lastKnownFileType = sourcecode.c.objc; path = LocationAtHomeTableViewController.m; sourceTree = "<group>"; };
		767BAD9A1BDC9D770066354C /* LocationAtHomeViewController.h */ = {isa = PBXFileReference; fileEncoding = 4; lastKnownFileType = sourcecode.c.h; path = LocationAtHomeViewController.h; sourceTree = "<group>"; };
		767BAD9B1BDC9D770066354C /* LocationAtHomeViewController.m */ = {isa = PBXFileReference; fileEncoding = 4; lastKnownFileType = sourcecode.c.objc; path = LocationAtHomeViewController.m; sourceTree = "<group>"; };
		768836171BD759DC00890EBF /* ItemViewController.h */ = {isa = PBXFileReference; fileEncoding = 4; lastKnownFileType = sourcecode.c.h; path = ItemViewController.h; sourceTree = "<group>"; };
		768836181BD759DC00890EBF /* ItemViewController.m */ = {isa = PBXFileReference; fileEncoding = 4; lastKnownFileType = sourcecode.c.objc; path = ItemViewController.m; sourceTree = "<group>"; };
		769A70641BD2735900FB3E60 /* Model 4.xcdatamodel */ = {isa = PBXFileReference; lastKnownFileType = wrapper.xcdatamodel; path = "Model 4.xcdatamodel"; sourceTree = "<group>"; };
		76A0180C1BD733C00027D0DC /* ShopTableViewController.h */ = {isa = PBXFileReference; fileEncoding = 4; lastKnownFileType = sourcecode.c.h; path = ShopTableViewController.h; sourceTree = "<group>"; };
		76A0180D1BD733C00027D0DC /* ShopTableViewController.m */ = {isa = PBXFileReference; fileEncoding = 4; lastKnownFileType = sourcecode.c.objc; path = ShopTableViewController.m; sourceTree = "<group>"; };
		76CC2C0C1BD330050076ACFA /* Model 5.xcdatamodel */ = {isa = PBXFileReference; lastKnownFileType = wrapper.xcdatamodel; path = "Model 5.xcdatamodel"; sourceTree = "<group>"; };
		76DDF9211BD4CD18004FA34D /* PrepareViewController.h */ = {isa = PBXFileReference; fileEncoding = 4; lastKnownFileType = sourcecode.c.h; path = PrepareViewController.h; sourceTree = "<group>"; };
		76DDF9221BD4CD18004FA34D /* PrepareViewController.m */ = {isa = PBXFileReference; fileEncoding = 4; lastKnownFileType = sourcecode.c.objc; path = PrepareViewController.m; sourceTree = "<group>"; };
		76E495041BDE40870039FE0F /* CoreDataPickerTextField.h */ = {isa = PBXFileReference; fileEncoding = 4; lastKnownFileType = sourcecode.c.h; path = CoreDataPickerTextField.h; sourceTree = "<group>"; };
		76E495051BDE40870039FE0F /* CoreDataPickerTextField.m */ = {isa = PBXFileReference; fileEncoding = 4; lastKnownFileType = sourcecode.c.objc; path = CoreDataPickerTextField.m; sourceTree = "<group>"; };
		76F0B9631BD9009200028D7B /* UnitTableViewController.h */ = {isa = PBXFileReference; fileEncoding = 4; lastKnownFileType = sourcecode.c.h; path = UnitTableViewController.h; sourceTree = "<group>"; };
		76F0B9641BD9009200028D7B /* UnitTableViewController.m */ = {isa = PBXFileReference; fileEncoding = 4; lastKnownFileType = sourcecode.c.objc; path = UnitTableViewController.m; sourceTree = "<group>"; };
		76F0B9661BD9074800028D7B /* UnitViewController.h */ = {isa = PBXFileReference; fileEncoding = 4; lastKnownFileType = sourcecode.c.h; path = UnitViewController.h; sourceTree = "<group>"; };
		76F0B9671BD9074800028D7B /* UnitViewController.m */ = {isa = PBXFileReference; fileEncoding = 4; lastKnownFileType = sourcecode.c.objc; path = UnitViewController.m; sourceTree = "<group>"; };
/* End PBXFileReference section */

/* Begin PBXFrameworksBuildPhase section */
		761986FF1BD2281700320CCC /* Frameworks */ = {
			isa = PBXFrameworksBuildPhase;
			buildActionMask = 2147483647;
			files = (
			);
			runOnlyForDeploymentPostprocessing = 0;
		};
		761987181BD2281800320CCC /* Frameworks */ = {
			isa = PBXFrameworksBuildPhase;
			buildActionMask = 2147483647;
			files = (
			);
			runOnlyForDeploymentPostprocessing = 0;
		};
/* End PBXFrameworksBuildPhase section */

/* Begin PBXGroup section */
		761986F91BD2281700320CCC = {
			isa = PBXGroup;
			children = (
				761987041BD2281700320CCC /* Grocery Dude */,
				7619871E1BD2281800320CCC /* Grocery DudeTests */,
				761987031BD2281700320CCC /* Products */,
			);
			sourceTree = "<group>";
		};
		761987031BD2281700320CCC /* Products */ = {
			isa = PBXGroup;
			children = (
				761987021BD2281700320CCC /* Grocery Dude.app */,
				7619871B1BD2281800320CCC /* Grocery DudeTests.xctest */,
			);
			name = Products;
			sourceTree = "<group>";
		};
		761987041BD2281700320CCC /* Grocery Dude */ = {
			isa = PBXGroup;
			children = (
				7619874B1BD232B900320CCC /* Model */,
				7666206B1BD4B578001130C9 /* Generic Core Data Classes */,
				76DD18F91BDF6DC80073FFDF /* Grocery Dude Picker Text Fields */,
				7619874C1BD232D000320CCC /* Grocery Dude View Controllers */,
				76DDF9201BD4CCD0004FA34D /* Grocery Dude TableView Controller */,
				7619872E1BD228F900320CCC /* CoreDataHelper */,
				761987391BD229D900320CCC /* ViewController.h */,
				7619873A1BD229D900320CCC /* ViewController.m */,
				7619873C1BD22A0D00320CCC /* AppDelegate.h */,
				7619873D1BD22A0D00320CCC /* AppDelegate.m */,
				7619870F1BD2281700320CCC /* Main.storyboard */,
				761987121BD2281800320CCC /* Images.xcassets */,
				761987141BD2281800320CCC /* LaunchScreen.xib */,
				761987051BD2281700320CCC /* Supporting Files */,
			);
			path = "Grocery Dude";
			sourceTree = "<group>";
		};
		761987051BD2281700320CCC /* Supporting Files */ = {
			isa = PBXGroup;
			children = (
				761987061BD2281700320CCC /* Info.plist */,
				761987071BD2281700320CCC /* main.m */,
			);
			name = "Supporting Files";
			sourceTree = "<group>";
		};
		7619871E1BD2281800320CCC /* Grocery DudeTests */ = {
			isa = PBXGroup;
			children = (
				761987211BD2281800320CCC /* Grocery_DudeTests.m */,
				7619871F1BD2281800320CCC /* Supporting Files */,
			);
			path = "Grocery DudeTests";
			sourceTree = "<group>";
		};
		7619871F1BD2281800320CCC /* Supporting Files */ = {
			isa = PBXGroup;
			children = (
				761987201BD2281800320CCC /* Info.plist */,
			);
			name = "Supporting Files";
			sourceTree = "<group>";
		};
		7619872E1BD228F900320CCC /* CoreDataHelper */ = {
			isa = PBXGroup;
			children = (
				7619872B1BD228E800320CCC /* CoreDataHelper.h */,
				7619872C1BD228EC00320CCC /* CoreDataHelper.m */,
			);
			name = CoreDataHelper;
			sourceTree = "<group>";
		};
		7619874B1BD232B900320CCC /* Model */ = {
			isa = PBXGroup;
			children = (
				7619872F1BD2295400320CCC /* Model.xcdatamodeld */,
				766620691BD4B1BA001130C9 /* Model5ToModel6.xcmappingmodel */,
				766477081BD278B4004B9492 /* Model2ToModel4.xcmappingmodel */,
				761987491BD22C6500320CCC /* Model.xcmappingmodel */,
				761987461BD22C3900320CCC /* Amount.m */,
				761987471BD22C3900320CCC /* Amount.h */,
				7666205A1BD4AF34001130C9 /* Item.h */,
				7666205B1BD4AF34001130C9 /* Item.m */,
				7666205C1BD4AF34001130C9 /* Unit.h */,
				7666205D1BD4AF34001130C9 /* Unit.m */,
				7666205E1BD4AF34001130C9 /* LocationAtShop.h */,
				7666205F1BD4AF34001130C9 /* LocationAtShop.m */,
				766620601BD4AF34001130C9 /* LocationAtHome.h */,
				766620611BD4AF34001130C9 /* LocationAtHome.m */,
				766620621BD4AF34001130C9 /* Location.h */,
				766620631BD4AF34001130C9 /* Location.m */,
				761987431BD22C0600320CCC /* Measurement.h */,
				761987441BD22C0B00320CCC /* Measurement.m */,
			);
			name = Model;
			sourceTree = "<group>";
		};
		7619874C1BD232D000320CCC /* Grocery Dude View Controllers */ = {
			isa = PBXGroup;
			children = (
				761073211BDDE13C00BEAC96 /* LocationAtShopViewController.h */,
				761073221BDDE13C00BEAC96 /* LocationAtShopViewController.m */,
				767BAD9A1BDC9D770066354C /* LocationAtHomeViewController.h */,
				767BAD9B1BDC9D770066354C /* LocationAtHomeViewController.m */,
				76F0B9661BD9074800028D7B /* UnitViewController.h */,
				76F0B9671BD9074800028D7B /* UnitViewController.m */,
				7619874D1BD2331100320CCC /* MigrationViewController.h */,
				7619874E1BD2331100320CCC /* MigrationViewController.m */,
				768836171BD759DC00890EBF /* ItemViewController.h */,
				768836181BD759DC00890EBF /* ItemViewController.m */,
			);
			name = "Grocery Dude View Controllers";
			sourceTree = "<group>";
		};
		7666206B1BD4B578001130C9 /* Generic Core Data Classes */ = {
			isa = PBXGroup;
			children = (
				76E495041BDE40870039FE0F /* CoreDataPickerTextField.h */,
				76E495051BDE40870039FE0F /* CoreDataPickerTextField.m */,
				7666206C1BD4B5E0001130C9 /* CoreDataTableViewController.h */,
				7666206D1BD4B5E0001130C9 /* CoreDataTableViewController.m */,
			);
			name = "Generic Core Data Classes";
			sourceTree = "<group>";
		};
		76DD18F91BDF6DC80073FFDF /* Grocery Dude Picker Text Fields */ = {
			isa = PBXGroup;
			children = (
				7618C8EF1BDF6F0D00F826FA /* UnitPickerTextField.h */,
				7618C8F01BDF6F0D00F826FA /* UnitPickerTextField.m */,
			);
			name = "Grocery Dude Picker Text Fields";
			sourceTree = "<group>";
		};
		76DDF9201BD4CCD0004FA34D /* Grocery Dude TableView Controller */ = {
			isa = PBXGroup;
			children = (
				761073241BDDE1CD00BEAC96 /* LocationAtShopTableViewController.h */,
				761073251BDDE1CD00BEAC96 /* LocationAtShopTableViewController.m */,
				767BAD971BDC9BD00066354C /* LocationAtHomeTableViewController.h */,
				767BAD981BDC9BD00066354C /* LocationAtHomeTableViewController.m */,
				76F0B9631BD9009200028D7B /* UnitTableViewController.h */,
				76F0B9641BD9009200028D7B /* UnitTableViewController.m */,
				76A0180C1BD733C00027D0DC /* ShopTableViewController.h */,
				76A0180D1BD733C00027D0DC /* ShopTableViewController.m */,
				76DDF9211BD4CD18004FA34D /* PrepareViewController.h */,
				76DDF9221BD4CD18004FA34D /* PrepareViewController.m */,
			);
			name = "Grocery Dude TableView Controller";
			sourceTree = "<group>";
		};
/* End PBXGroup section */

/* Begin PBXNativeTarget section */
		761987011BD2281700320CCC /* Grocery Dude */ = {
			isa = PBXNativeTarget;
			buildConfigurationList = 761987251BD2281800320CCC /* Build configuration list for PBXNativeTarget "Grocery Dude" */;
			buildPhases = (
				761986FE1BD2281700320CCC /* Sources */,
				761986FF1BD2281700320CCC /* Frameworks */,
				761987001BD2281700320CCC /* Resources */,
			);
			buildRules = (
			);
			dependencies = (
			);
			name = "Grocery Dude";
			productName = "Grocery Dude";
			productReference = 761987021BD2281700320CCC /* Grocery Dude.app */;
			productType = "com.apple.product-type.application";
		};
		7619871A1BD2281800320CCC /* Grocery DudeTests */ = {
			isa = PBXNativeTarget;
			buildConfigurationList = 761987281BD2281800320CCC /* Build configuration list for PBXNativeTarget "Grocery DudeTests" */;
			buildPhases = (
				761987171BD2281800320CCC /* Sources */,
				761987181BD2281800320CCC /* Frameworks */,
				761987191BD2281800320CCC /* Resources */,
			);
			buildRules = (
			);
			dependencies = (
				7619871D1BD2281800320CCC /* PBXTargetDependency */,
			);
			name = "Grocery DudeTests";
			productName = "Grocery DudeTests";
			productReference = 7619871B1BD2281800320CCC /* Grocery DudeTests.xctest */;
			productType = "com.apple.product-type.bundle.unit-test";
		};
/* End PBXNativeTarget section */

/* Begin PBXProject section */
		761986FA1BD2281700320CCC /* Project object */ = {
			isa = PBXProject;
			attributes = {
				LastUpgradeCheck = 0630;
				ORGANIZATIONNAME = yangxu;
				TargetAttributes = {
					761987011BD2281700320CCC = {
						CreatedOnToolsVersion = 6.3.2;
					};
					7619871A1BD2281800320CCC = {
						CreatedOnToolsVersion = 6.3.2;
						TestTargetID = 761987011BD2281700320CCC;
					};
				};
			};
			buildConfigurationList = 761986FD1BD2281700320CCC /* Build configuration list for PBXProject "Grocery Dude" */;
			compatibilityVersion = "Xcode 3.2";
			developmentRegion = English;
			hasScannedForEncodings = 0;
			knownRegions = (
				en,
				Base,
			);
			mainGroup = 761986F91BD2281700320CCC;
			productRefGroup = 761987031BD2281700320CCC /* Products */;
			projectDirPath = "";
			projectRoot = "";
			targets = (
				761987011BD2281700320CCC /* Grocery Dude */,
				7619871A1BD2281800320CCC /* Grocery DudeTests */,
			);
		};
/* End PBXProject section */

/* Begin PBXResourcesBuildPhase section */
		761987001BD2281700320CCC /* Resources */ = {
			isa = PBXResourcesBuildPhase;
			buildActionMask = 2147483647;
			files = (
				761987111BD2281700320CCC /* Main.storyboard in Resources */,
				761987161BD2281800320CCC /* LaunchScreen.xib in Resources */,
				761987131BD2281800320CCC /* Images.xcassets in Resources */,
			);
			runOnlyForDeploymentPostprocessing = 0;
		};
		761987191BD2281800320CCC /* Resources */ = {
			isa = PBXResourcesBuildPhase;
			buildActionMask = 2147483647;
			files = (
			);
			runOnlyForDeploymentPostprocessing = 0;
		};
/* End PBXResourcesBuildPhase section */

/* Begin PBXSourcesBuildPhase section */
		761986FE1BD2281700320CCC /* Sources */ = {
			isa = PBXSourcesBuildPhase;
			buildActionMask = 2147483647;
			files = (
				766620651BD4AF34001130C9 /* Unit.m in Sources */,
				76E495061BDE40870039FE0F /* CoreDataPickerTextField.m in Sources */,
				7619873B1BD229D900320CCC /* ViewController.m in Sources */,
				7666206E1BD4B5E0001130C9 /* CoreDataTableViewController.m in Sources */,
				766620661BD4AF34001130C9 /* LocationAtShop.m in Sources */,
				766620681BD4AF34001130C9 /* Location.m in Sources */,
				761987321BD2295400320CCC /* Model.xcdatamodeld in Sources */,
				7666206A1BD4B1BA001130C9 /* Model5ToModel6.xcmappingmodel in Sources */,
				76DDF9231BD4CD18004FA34D /* PrepareViewController.m in Sources */,
				766620671BD4AF34001130C9 /* LocationAtHome.m in Sources */,
				7619872D1BD228EC00320CCC /* CoreDataHelper.m in Sources */,
				766477091BD278B4004B9492 /* Model2ToModel4.xcmappingmodel in Sources */,
				761987081BD2281700320CCC /* main.m in Sources */,
				767BAD991BDC9BD00066354C /* LocationAtHomeTableViewController.m in Sources */,
				76F0B9681BD9074800028D7B /* UnitViewController.m in Sources */,
				7618C8F11BDF6F0D00F826FA /* UnitPickerTextField.m in Sources */,
				761073231BDDE13C00BEAC96 /* LocationAtShopViewController.m in Sources */,
				76F0B9651BD9009200028D7B /* UnitTableViewController.m in Sources */,
				767BAD9C1BDC9D770066354C /* LocationAtHomeViewController.m in Sources */,
				761987451BD22C0B00320CCC /* Measurement.m in Sources */,
				7619873E1BD22A0D00320CCC /* AppDelegate.m in Sources */,
				76A0180E1BD733C00027D0DC /* ShopTableViewController.m in Sources */,
				761987481BD22C3900320CCC /* Amount.m in Sources */,
				761073261BDDE1CD00BEAC96 /* LocationAtShopTableViewController.m in Sources */,
				7619874A1BD22C6500320CCC /* Model.xcmappingmodel in Sources */,
				768836191BD759DC00890EBF /* ItemViewController.m in Sources */,
				766620641BD4AF34001130C9 /* Item.m in Sources */,
				7619874F1BD2331100320CCC /* MigrationViewController.m in Sources */,
			);
			runOnlyForDeploymentPostprocessing = 0;
		};
		761987171BD2281800320CCC /* Sources */ = {
			isa = PBXSourcesBuildPhase;
			buildActionMask = 2147483647;
			files = (
				761987221BD2281800320CCC /* Grocery_DudeTests.m in Sources */,
			);
			runOnlyForDeploymentPostprocessing = 0;
		};
/* End PBXSourcesBuildPhase section */

/* Begin PBXTargetDependency section */
		7619871D1BD2281800320CCC /* PBXTargetDependency */ = {
			isa = PBXTargetDependency;
			target = 761987011BD2281700320CCC /* Grocery Dude */;
			targetProxy = 7619871C1BD2281800320CCC /* PBXContainerItemProxy */;
		};
/* End PBXTargetDependency section */

/* Begin PBXVariantGroup section */
		7619870F1BD2281700320CCC /* Main.storyboard */ = {
			isa = PBXVariantGroup;
			children = (
				761987101BD2281700320CCC /* Base */,
			);
			name = Main.storyboard;
			sourceTree = "<group>";
		};
		761987141BD2281800320CCC /* LaunchScreen.xib */ = {
			isa = PBXVariantGroup;
			children = (
				761987151BD2281800320CCC /* Base */,
			);
			name = LaunchScreen.xib;
			sourceTree = "<group>";
		};
/* End PBXVariantGroup section */

/* Begin XCBuildConfiguration section */
		761987231BD2281800320CCC /* Debug */ = {
			isa = XCBuildConfiguration;
			buildSettings = {
				ALWAYS_SEARCH_USER_PATHS = NO;
				CLANG_CXX_LANGUAGE_STANDARD = "gnu++0x";
				CLANG_CXX_LIBRARY = "libc++";
				CLANG_ENABLE_MODULES = YES;
				CLANG_ENABLE_OBJC_ARC = YES;
				CLANG_WARN_BOOL_CONVERSION = YES;
				CLANG_WARN_CONSTANT_CONVERSION = YES;
				CLANG_WARN_DIRECT_OBJC_ISA_USAGE = YES_ERROR;
				CLANG_WARN_EMPTY_BODY = YES;
				CLANG_WARN_ENUM_CONVERSION = YES;
				CLANG_WARN_INT_CONVERSION = YES;
				CLANG_WARN_OBJC_ROOT_CLASS = YES_ERROR;
				CLANG_WARN_UNREACHABLE_CODE = YES;
				CLANG_WARN__DUPLICATE_METHOD_MATCH = YES;
				"CODE_SIGN_IDENTITY[sdk=iphoneos*]" = "iPhone Developer";
				COPY_PHASE_STRIP = NO;
				DEBUG_INFORMATION_FORMAT = "dwarf-with-dsym";
				ENABLE_STRICT_OBJC_MSGSEND = YES;
				GCC_C_LANGUAGE_STANDARD = gnu99;
				GCC_DYNAMIC_NO_PIC = NO;
				GCC_NO_COMMON_BLOCKS = YES;
				GCC_OPTIMIZATION_LEVEL = 0;
				GCC_PREPROCESSOR_DEFINITIONS = (
					"DEBUG=1",
					"$(inherited)",
				);
				GCC_SYMBOLS_PRIVATE_EXTERN = NO;
				GCC_WARN_64_TO_32_BIT_CONVERSION = YES;
				GCC_WARN_ABOUT_RETURN_TYPE = YES_ERROR;
				GCC_WARN_UNDECLARED_SELECTOR = YES;
				GCC_WARN_UNINITIALIZED_AUTOS = YES_AGGRESSIVE;
				GCC_WARN_UNUSED_FUNCTION = YES;
				GCC_WARN_UNUSED_VARIABLE = YES;
				IPHONEOS_DEPLOYMENT_TARGET = 8.3;
				MTL_ENABLE_DEBUG_INFO = YES;
				ONLY_ACTIVE_ARCH = YES;
				SDKROOT = iphoneos;
			};
			name = Debug;
		};
		761987241BD2281800320CCC /* Release */ = {
			isa = XCBuildConfiguration;
			buildSettings = {
				ALWAYS_SEARCH_USER_PATHS = NO;
				CLANG_CXX_LANGUAGE_STANDARD = "gnu++0x";
				CLANG_CXX_LIBRARY = "libc++";
				CLANG_ENABLE_MODULES = YES;
				CLANG_ENABLE_OBJC_ARC = YES;
				CLANG_WARN_BOOL_CONVERSION = YES;
				CLANG_WARN_CONSTANT_CONVERSION = YES;
				CLANG_WARN_DIRECT_OBJC_ISA_USAGE = YES_ERROR;
				CLANG_WARN_EMPTY_BODY = YES;
				CLANG_WARN_ENUM_CONVERSION = YES;
				CLANG_WARN_INT_CONVERSION = YES;
				CLANG_WARN_OBJC_ROOT_CLASS = YES_ERROR;
				CLANG_WARN_UNREACHABLE_CODE = YES;
				CLANG_WARN__DUPLICATE_METHOD_MATCH = YES;
				"CODE_SIGN_IDENTITY[sdk=iphoneos*]" = "iPhone Developer";
				COPY_PHASE_STRIP = NO;
				DEBUG_INFORMATION_FORMAT = "dwarf-with-dsym";
				ENABLE_NS_ASSERTIONS = NO;
				ENABLE_STRICT_OBJC_MSGSEND = YES;
				GCC_C_LANGUAGE_STANDARD = gnu99;
				GCC_NO_COMMON_BLOCKS = YES;
				GCC_WARN_64_TO_32_BIT_CONVERSION = YES;
				GCC_WARN_ABOUT_RETURN_TYPE = YES_ERROR;
				GCC_WARN_UNDECLARED_SELECTOR = YES;
				GCC_WARN_UNINITIALIZED_AUTOS = YES_AGGRESSIVE;
				GCC_WARN_UNUSED_FUNCTION = YES;
				GCC_WARN_UNUSED_VARIABLE = YES;
				IPHONEOS_DEPLOYMENT_TARGET = 8.3;
				MTL_ENABLE_DEBUG_INFO = NO;
				SDKROOT = iphoneos;
				VALIDATE_PRODUCT = YES;
			};
			name = Release;
		};
		761987261BD2281800320CCC /* Debug */ = {
			isa = XCBuildConfiguration;
			buildSettings = {
				ASSETCATALOG_COMPILER_APPICON_NAME = AppIcon;
				INFOPLIST_FILE = "Grocery Dude/Info.plist";
				LD_RUNPATH_SEARCH_PATHS = "$(inherited) @executable_path/Frameworks";
				PRODUCT_NAME = "$(TARGET_NAME)";
			};
			name = Debug;
		};
		761987271BD2281800320CCC /* Release */ = {
			isa = XCBuildConfiguration;
			buildSettings = {
				ASSETCATALOG_COMPILER_APPICON_NAME = AppIcon;
				INFOPLIST_FILE = "Grocery Dude/Info.plist";
				LD_RUNPATH_SEARCH_PATHS = "$(inherited) @executable_path/Frameworks";
				PRODUCT_NAME = "$(TARGET_NAME)";
			};
			name = Release;
		};
		761987291BD2281800320CCC /* Debug */ = {
			isa = XCBuildConfiguration;
			buildSettings = {
				BUNDLE_LOADER = "$(TEST_HOST)";
				FRAMEWORK_SEARCH_PATHS = (
					"$(SDKROOT)/Developer/Library/Frameworks",
					"$(inherited)",
				);
				GCC_PREPROCESSOR_DEFINITIONS = (
					"DEBUG=1",
					"$(inherited)",
				);
				INFOPLIST_FILE = "Grocery DudeTests/Info.plist";
				LD_RUNPATH_SEARCH_PATHS = "$(inherited) @executable_path/Frameworks @loader_path/Frameworks";
				PRODUCT_NAME = "$(TARGET_NAME)";
				TEST_HOST = "$(BUILT_PRODUCTS_DIR)/Grocery Dude.app/Grocery Dude";
			};
			name = Debug;
		};
		7619872A1BD2281800320CCC /* Release */ = {
			isa = XCBuildConfiguration;
			buildSettings = {
				BUNDLE_LOADER = "$(TEST_HOST)";
				FRAMEWORK_SEARCH_PATHS = (
					"$(SDKROOT)/Developer/Library/Frameworks",
					"$(inherited)",
				);
				INFOPLIST_FILE = "Grocery DudeTests/Info.plist";
				LD_RUNPATH_SEARCH_PATHS = "$(inherited) @executable_path/Frameworks @loader_path/Frameworks";
				PRODUCT_NAME = "$(TARGET_NAME)";
				TEST_HOST = "$(BUILT_PRODUCTS_DIR)/Grocery Dude.app/Grocery Dude";
			};
			name = Release;
		};
/* End XCBuildConfiguration section */

/* Begin XCConfigurationList section */
		761986FD1BD2281700320CCC /* Build configuration list for PBXProject "Grocery Dude" */ = {
			isa = XCConfigurationList;
			buildConfigurations = (
				761987231BD2281800320CCC /* Debug */,
				761987241BD2281800320CCC /* Release */,
			);
			defaultConfigurationIsVisible = 0;
			defaultConfigurationName = Release;
		};
		761987251BD2281800320CCC /* Build configuration list for PBXNativeTarget "Grocery Dude" */ = {
			isa = XCConfigurationList;
			buildConfigurations = (
				761987261BD2281800320CCC /* Debug */,
				761987271BD2281800320CCC /* Release */,
			);
			defaultConfigurationIsVisible = 0;
			defaultConfigurationName = Release;
		};
		761987281BD2281800320CCC /* Build configuration list for PBXNativeTarget "Grocery DudeTests" */ = {
			isa = XCConfigurationList;
			buildConfigurations = (
				761987291BD2281800320CCC /* Debug */,
				7619872A1BD2281800320CCC /* Release */,
			);
			defaultConfigurationIsVisible = 0;
			defaultConfigurationName = Release;
		};
/* End XCConfigurationList section */

/* Begin XCVersionGroup section */
		7619872F1BD2295400320CCC /* Model.xcdatamodeld */ = {
			isa = XCVersionGroup;
			children = (
				760D67EF1BD4AD2200686AC7 /* Model 6.xcdatamodel */,
				76CC2C0C1BD330050076ACFA /* Model 5.xcdatamodel */,
				769A70641BD2735900FB3E60 /* Model 4.xcdatamodel */,
				7619873F1BD22B9300320CCC /* Model 3.xcdatamodel */,
				761987301BD2295400320CCC /* Model 2.xcdatamodel */,
				761987311BD2295400320CCC /* Model.xcdatamodel */,
			);
			currentVersion = 760D67EF1BD4AD2200686AC7 /* Model 6.xcdatamodel */;
			path = Model.xcdatamodeld;
			sourceTree = "<group>";
			versionGroupType = wrapper.xcdatamodel;
		};
/* End XCVersionGroup section */
	};
	rootObject = 761986FA1BD2281700320CCC /* Project object */;
}
